
Microsoft Visual Studio Solution File, Format Version 12.00
# Visual Studio Version 17
VisualStudioVersion = 17.7.34009.444
MinimumVisualStudioVersion = 10.0.40219.1
Project("{9A19103F-16F7-4668-BE54-9A1E7A4F7556}") = "CountryGwp.Api.Domain", "CountryGwp.Api.Domain\CountryGwp.Api.Domain.csproj", "{8DBF06EB-669C-4E2E-880F-25E0124AC5C5}"
EndProject
Project("{9A19103F-16F7-4668-BE54-9A1E7A4F7556}") = "CountryGwp.Api.MySQL", "CountryGwp.Api.MySQL\CountryGwp.Api.MySQL.csproj", "{A167A962-E569-4DA5-BF22-8283ABB2BB24}"
EndProject
Project("{9A19103F-16F7-4668-BE54-9A1E7A4F7556}") = "CountryGwp.Api.Web", "CountryGwp.Api.Web\CountryGwp.Api.Web.csproj", "{654EA1BD-6C70-4D74-95BA-1FE76F0365CB}"
EndProject
Project("{9A19103F-16F7-4668-BE54-9A1E7A4F7556}") = "CountryGwp.Api.Host", "CountryGwp.Api.Host\CountryGwp.Api.Host.csproj", "{81272B04-3BB2-4AE4-B257-CD00371303D9}"
EndProject
Global
	GlobalSection(SolutionConfigurationPlatforms) = preSolution
		Debug|Any CPU = Debug|Any CPU
		Release|Any CPU = Release|Any CPU
	EndGlobalSection
	GlobalSection(ProjectConfigurationPlatforms) = postSolution
		{8DBF06EB-669C-4E2E-880F-25E0124AC5C5}.Debug|Any CPU.ActiveCfg = Debug|Any CPU
		{8DBF06EB-669C-4E2E-880F-25E0124AC5C5}.Debug|Any CPU.Build.0 = Debug|Any CPU
		{8DBF06EB-669C-4E2E-880F-25E0124AC5C5}.Release|Any CPU.ActiveCfg = Release|Any CPU
		{8DBF06EB-669C-4E2E-880F-25E0124AC5C5}.Release|Any CPU.Build.0 = Release|Any CPU
		{A167A962-E569-4DA5-BF22-8283ABB2BB24}.Debug|Any CPU.ActiveCfg = Debug|Any CPU
		{A167A962-E569-4DA5-BF22-8283ABB2BB24}.Debug|Any CPU.Build.0 = Debug|Any CPU
		{A167A962-E569-4DA5-BF22-8283ABB2BB24}.Release|Any CPU.ActiveCfg = Release|Any CPU
		{A167A962-E569-4DA5-BF22-8283ABB2BB24}.Release|Any CPU.Build.0 = Release|Any CPU
		{654EA1BD-6C70-4D74-95BA-1FE76F0365CB}.Debug|Any CPU.ActiveCfg = Debug|Any CPU
		{654EA1BD-6C70-4D74-95BA-1FE76F0365CB}.Debug|Any CPU.Build.0 = Debug|Any CPU
		{654EA1BD-6C70-4D74-95BA-1FE76F0365CB}.Release|Any CPU.ActiveCfg = Release|Any CPU
		{654EA1BD-6C70-4D74-95BA-1FE76F0365CB}.Release|Any CPU.Build.0 = Release|Any CPU
		{81272B04-3BB2-4AE4-B257-CD00371303D9}.Debug|Any CPU.ActiveCfg = Debug|Any CPU
		{81272B04-3BB2-4AE4-B257-CD00371303D9}.Debug|Any CPU.Build.0 = Debug|Any CPU
		{81272B04-3BB2-4AE4-B257-CD00371303D9}.Release|Any CPU.ActiveCfg = Release|Any CPU
		{81272B04-3BB2-4AE4-B257-CD00371303D9}.Release|Any CPU.Build.0 = Release|Any CPU
	EndGlobalSection
	GlobalSection(SolutionProperties) = preSolution
		HideSolutionNode = FALSE
	EndGlobalSection
	GlobalSection(ExtensibilityGlobals) = postSolution
		SolutionGuid = {70830B2C-AE00-4910-97A4-1813677F3C11}
	EndGlobalSection
EndGlobal
